
Microsoft Visual Studio Solution File, Format Version 12.00
# Visual Studio Version 16
VisualStudioVersion = 16.0.809.0
MinimumVisualStudioVersion = 10.0.40219.1
Project("{FAE04EC0-301F-11D3-BF4B-00C04F79EFBC}") = "aspnet-core-fundamentals-v3", "aspnet-core-fundamentals-v3.csproj", "{455D5378-92E8-42B8-8E0D-E3952F64CCD8}"
EndProject
Global
	GlobalSection(SolutionConfigurationPlatforms) = preSolution
		Debug|Any CPU = Debug|Any CPU
		Release|Any CPU = Release|Any CPU
	EndGlobalSection
	GlobalSection(ProjectConfigurationPlatforms) = postSolution
		{455D5378-92E8-42B8-8E0D-E3952F64CCD8}.Debug|Any CPU.ActiveCfg = Debug|Any CPU
		{455D5378-92E8-42B8-8E0D-E3952F64CCD8}.Debug|Any CPU.Build.0 = Debug|Any CPU
		{455D5378-92E8-42B8-8E0D-E3952F64CCD8}.Release|Any CPU.ActiveCfg = Release|Any CPU
		{455D5378-92E8-42B8-8E0D-E3952F64CCD8}.Release|Any CPU.Build.0 = Release|Any CPU
	EndGlobalSection
	GlobalSection(SolutionProperties) = preSolution
		HideSolutionNode = FALSE
	EndGlobalSection
	GlobalSection(ExtensibilityGlobals) = postSolution
		SolutionGuid = {0C24F669-CB14-4431-91BB-BDA63BC56DFB}
	EndGlobalSection
EndGlobal
